
Microsoft Visual Studio Solution File, Format Version 12.00
# Visual Studio Version 17
VisualStudioVersion = 17.5.002.0
MinimumVisualStudioVersion = 10.0.40219.1
Project("{9A19103F-16F7-4668-BE54-9A1E7A4F7556}") = "DynamicArray", "DynamicArray.csproj", "{57D9D3DB-8CA0-4C3F-9C44-78CC08CDBEEB}"
EndProject
Global
	GlobalSection(SolutionConfigurationPlatforms) = preSolution
		Debug|Any CPU = Debug|Any CPU
		Release|Any CPU = Release|Any CPU
	EndGlobalSection
	GlobalSection(ProjectConfigurationPlatforms) = postSolution
		{57D9D3DB-8CA0-4C3F-9C44-78CC08CDBEEB}.Debug|Any CPU.ActiveCfg = Debug|Any CPU
		{57D9D3DB-8CA0-4C3F-9C44-78CC08CDBEEB}.Debug|Any CPU.Build.0 = Debug|Any CPU
		{57D9D3DB-8CA0-4C3F-9C44-78CC08CDBEEB}.Release|Any CPU.ActiveCfg = Release|Any CPU
		{57D9D3DB-8CA0-4C3F-9C44-78CC08CDBEEB}.Release|Any CPU.Build.0 = Release|Any CPU
	EndGlobalSection
	GlobalSection(SolutionProperties) = preSolution
		HideSolutionNode = FALSE
	EndGlobalSection
	GlobalSection(ExtensibilityGlobals) = postSolution
		SolutionGuid = {FF671323-5D71-4B7D-8C3E-975E88B80DD3}
	EndGlobalSection
EndGlobal
